{
  "name": "konflux-website",
  "lockfileVersion": 3,
  "requires": true,
  "packages": {
    "": {
      "name": "konflux-website",
      "dependencies": {
        "@amplitude/analytics-browser": "^2.15.0",
        "vanilla-cookieconsent": "^3.1.0"
      }
    },
    "node_modules/@amplitude/analytics-browser": {
      "version": "2.34.0",
      "resolved": "https://registry.npmjs.org/@amplitude/analytics-browser/-/analytics-browser-2.34.0.tgz",
      "integrity": "sha512-a5AeUBs6AbgfEPBNVP1/FM8+0ZBjIzbfYcVJq2Lkvb0EaeEI09vrl+zFeJSDcjg5nsDBmz7oKV8j2kbGJHbZ9w==",
      "license": "MIT",
      "dependencies": {
        "@amplitude/analytics-core": "2.37.0",
        "@amplitude/plugin-autocapture-browser": "1.19.0",
        "@amplitude/plugin-network-capture-browser": "1.7.8",
        "@amplitude/plugin-page-url-enrichment-browser": "0.5.14",
        "@amplitude/plugin-page-view-tracking-browser": "2.6.11",
        "@amplitude/plugin-web-vitals-browser": "1.1.9",
        "tslib": "^2.4.1"
      }
    },
    "node_modules/@amplitude/analytics-connector": {
      "version": "1.6.4",
      "resolved": "https://registry.npmjs.org/@amplitude/analytics-connector/-/analytics-connector-1.6.4.tgz",
      "integrity": "sha512-SpIv0IQMNIq6SH3UqFGiaZyGSc7PBZwRdq7lvP0pBxW8i4Ny+8zwI0pV+VMfMHQwWY3wdIbWw5WQphNjpdq1/Q==",
      "license": "MIT"
    },
    "node_modules/@amplitude/analytics-core": {
      "version": "2.37.0",
      "resolved": "https://registry.npmjs.org/@amplitude/analytics-core/-/analytics-core-2.37.0.tgz",
      "integrity": "sha512-/2vIyquLMSA29MMM901d5DOhBZ5bc6Qf4s0KVfRk8Avn90mC7KlE5SQiHOAW8+63o5aT1NtB0djrY4cq8Y8Opw==",
      "license": "MIT",
      "dependencies": {
        "@amplitude/analytics-connector": "^1.6.4",
        "tslib": "^2.4.1",
        "zen-observable-ts": "^1.1.0"
      }
    },
    "node_modules/@amplitude/plugin-autocapture-browser": {
      "version": "1.19.0",
      "resolved": "https://registry.npmjs.org/@amplitude/plugin-autocapture-browser/-/plugin-autocapture-browser-1.19.0.tgz",
      "integrity": "sha512-ga0TXxE87wNMgFvVUPE7a+HGMqMz9/Gy6C7ux3cgcuy8D7Z/Te5iMZmMadK/ztmQ3/pSZjYv9iDvOFsT6ywMZw==",
      "license": "MIT",
      "dependencies": {
        "@amplitude/analytics-core": "2.37.0",
        "tslib": "^2.4.1"
      }
    },
    "node_modules/@amplitude/plugin-network-capture-browser": {
      "version": "1.7.8",
      "resolved": "https://registry.npmjs.org/@amplitude/plugin-network-capture-browser/-/plugin-network-capture-browser-1.7.8.tgz",
      "integrity": "sha512-SZj3m3O8yI040+Nto9uLi5eM0AclEi8hkZttLSKKVCJVIdi5xE1z9oC7lTir1h2b198unTqP2o7cmzEqI1wBoA==",
      "license": "MIT",
      "dependencies": {
        "@amplitude/analytics-core": "2.37.0",
        "tslib": "^2.4.1"
      }
    },
    "node_modules/@amplitude/plugin-page-url-enrichment-browser": {
      "version": "0.5.14",
      "resolved": "https://registry.npmjs.org/@amplitude/plugin-page-url-enrichment-browser/-/plugin-page-url-enrichment-browser-0.5.14.tgz",
      "integrity": "sha512-vaAGxMgxQbsRKWtIKiMp3kVdg4RSsAzwlffDw7ifTw1yObVV2vVeBPb/O24cLf49NrhZ3ZuJlaxGmRxoY4FWow==",
      "license": "MIT",
      "dependencies": {
        "@amplitude/analytics-core": "2.37.0",
        "tslib": "^2.4.1"
      }
    },
    "node_modules/@amplitude/plugin-page-view-tracking-browser": {
      "version": "2.6.11",
      "resolved": "https://registry.npmjs.org/@amplitude/plugin-page-view-tracking-browser/-/plugin-page-view-tracking-browser-2.6.11.tgz",
      "integrity": "sha512-/UqXipdOWOsmn8Uw1BibOfgLMvjE8YYYI8bXL2vZ6D2mk6c0FdGe17BmccsLr1LVGx3HObZoIGnxje+0X1j07w==",
      "license": "MIT",
      "dependencies": {
        "@amplitude/analytics-core": "2.37.0",
        "tslib": "^2.4.1"
      }
    },
    "node_modules/@amplitude/plugin-web-vitals-browser": {
      "version": "1.1.9",
      "resolved": "https://registry.npmjs.org/@amplitude/plugin-web-vitals-browser/-/plugin-web-vitals-browser-1.1.9.tgz",
      "integrity": "sha512-hVGsJWtJQpHlpfC+IubCixe7KNmqaDkWO0XkwkLkn4T/FjFgK+rp9edBJr5KSi0enfcN+49DxJ4qQKu7NncIMA==",
      "license": "MIT",
      "dependencies": {
        "@amplitude/analytics-core": "2.37.0",
        "tslib": "^2.4.1",
        "web-vitals": "5.1.0"
      }
    },
    "node_modules/@types/zen-observable": {
      "version": "0.8.3",
      "resolved": "https://registry.npmjs.org/@types/zen-observable/-/zen-observable-0.8.3.tgz",
      "integrity": "sha512-fbF6oTd4sGGy0xjHPKAt+eS2CrxJ3+6gQ3FGcBoIJR2TLAyCkCyI8JqZNy+FeON0AhVgNJoUumVoZQjBFUqHkw==",
      "license": "MIT"
    },
    "node_modules/tslib": {
      "version": "2.8.1",
      "resolved": "https://registry.npmjs.org/tslib/-/tslib-2.8.1.tgz",
      "integrity": "sha512-oJFu94HQb+KVduSUQL7wnpmqnfmLsOA/nAh6b6EH0wCEoK0/mPeXU6c3wKDV83MkOuHPRHtSXKKU99IBazS/2w==",
      "license": "0BSD"
    },
    "node_modules/vanilla-cookieconsent": {
      "version": "3.1.0",
      "resolved": "https://registry.npmjs.org/vanilla-cookieconsent/-/vanilla-cookieconsent-3.1.0.tgz",
      "integrity": "sha512-/McNRtm/3IXzb9dhqMIcbquoU45SzbN2VB+To4jxEPqMmp7uVniP6BhGLjU8MC7ZCDsNQVOp27fhQTM/ruIXAA==",
      "license": "MIT"
    },
    "node_modules/web-vitals": {
      "version": "5.1.0",
      "resolved": "https://registry.npmjs.org/web-vitals/-/web-vitals-5.1.0.tgz",
      "integrity": "sha512-ArI3kx5jI0atlTtmV0fWU3fjpLmq/nD3Zr1iFFlJLaqa5wLBkUSzINwBPySCX/8jRyjlmy1Volw1kz1g9XE4Jg==",
      "license": "Apache-2.0"
    },
    "node_modules/zen-observable": {
      "version": "0.8.15",
      "resolved": "https://registry.npmjs.org/zen-observable/-/zen-observable-0.8.15.tgz",
      "integrity": "sha512-PQ2PC7R9rslx84ndNBZB/Dkv8V8fZEpk83RLgXtYd0fwUgEjseMn1Dgajh2x6S8QbZAFa9p2qVCEuYZNgve0dQ==",
      "license": "MIT"
    },
    "node_modules/zen-observable-ts": {
      "version": "1.1.0",
      "resolved": "https://registry.npmjs.org/zen-observable-ts/-/zen-observable-ts-1.1.0.tgz",
      "integrity": "sha512-1h4zlLSqI2cRLPJUHJFL8bCWHhkpuXkF+dbGkRaWjgDIG26DmzyshUMrdV/rL3UnR+mhaX4fRq8LPouq0MYYIA==",
      "license": "MIT",
      "dependencies": {
        "@types/zen-observable": "0.8.3",
        "zen-observable": "0.8.15"
      }
    }
  }
}
